
Microsoft Visual Studio Solution File, Format Version 12.00
# Visual Studio Version 17
VisualStudioVersion = 17.11.35312.102
MinimumVisualStudioVersion = 10.0.40219.1
Project("{2150E333-8FDC-42A3-9474-1A3956D46DE8}") = "Bootstrapper", "Bootstrapper", "{4B476AF2-2C93-4EB7-99D0-29F2E5548F6F}"
EndProject
Project("{2150E333-8FDC-42A3-9474-1A3956D46DE8}") = "Modules", "Modules", "{1C5D9372-138C-48DE-B7C0-97AD5C0DF8B8}"
EndProject
Project("{2150E333-8FDC-42A3-9474-1A3956D46DE8}") = "Shared", "Shared", "{5E86AE94-BABF-4647-962D-E073219E1EBC}"
EndProject
Project("{9A19103F-16F7-4668-BE54-9A1E7A4F7556}") = "Api", "Bootstrapper\Api\Api.csproj", "{EBD733E4-7A9E-4EEE-AB2C-A3D4795D9518}"
EndProject
Project("{2150E333-8FDC-42A3-9474-1A3956D46DE8}") = "Catalog", "Catalog", "{3EEF6DFC-0EAE-45D7-B38F-6CE48063D704}"
EndProject
Project("{2150E333-8FDC-42A3-9474-1A3956D46DE8}") = "Basket", "Basket", "{272498E4-FD6E-41D1-A599-0DE44F639C2C}"
EndProject
Project("{2150E333-8FDC-42A3-9474-1A3956D46DE8}") = "Ordering", "Ordering", "{DB1DAECF-CE18-4097-8F07-0F1C21175405}"
EndProject
Project("{9A19103F-16F7-4668-BE54-9A1E7A4F7556}") = "Catalog", "Modules\Catalog\Catalog\Catalog.csproj", "{5679197D-1D89-4593-9DDB-60750B61D8D4}"
EndProject
Project("{9A19103F-16F7-4668-BE54-9A1E7A4F7556}") = "Basket", "Modules\Basket\Basket\Basket.csproj", "{0FAE88B2-E12D-4283-87C6-D12C7D260966}"
EndProject
Project("{9A19103F-16F7-4668-BE54-9A1E7A4F7556}") = "Ordering", "Modules\Ordering\Ordering\Ordering.csproj", "{F68706C2-9D95-446A-9C8F-FC2E1042ABC6}"
EndProject
Project("{9A19103F-16F7-4668-BE54-9A1E7A4F7556}") = "Shared", "Shared\Shared\Shared.csproj", "{9AA712C9-EE45-457B-8CDA-5E6B378B899D}"
EndProject
Project("{E53339B2-1760-4266-BCC7-CA923CBCF16C}") = "docker-compose", "docker-compose.dcproj", "{5A888F16-2AB0-4971-8B82-A7B2BB2FA6C0}"
EndProject
Project("{9A19103F-16F7-4668-BE54-9A1E7A4F7556}") = "Shared.Contracts", "Shared\Shared.Contracts\Shared.Contracts.csproj", "{8B1FFE2B-B37B-47DC-AD23-BA1C1305AA80}"
EndProject
Project("{9A19103F-16F7-4668-BE54-9A1E7A4F7556}") = "Catalog.Contracts", "Modules\Catalog\Catalog.Contracts\Catalog.Contracts.csproj", "{686A1EB6-4458-41E6-8C69-5CA189C6D70F}"
EndProject
Project("{FAE04EC0-301F-11D3-BF4B-00C04F79EFBC}") = "Shared.Messaging", "..\Shared\Shared.Messaging\Shared.Messaging.csproj", "{6D866465-2668-41EE-A992-93FD99957927}"
EndProject
Global
	GlobalSection(SolutionConfigurationPlatforms) = preSolution
		Debug|Any CPU = Debug|Any CPU
		Release|Any CPU = Release|Any CPU
	EndGlobalSection
	GlobalSection(ProjectConfigurationPlatforms) = postSolution
		{EBD733E4-7A9E-4EEE-AB2C-A3D4795D9518}.Debug|Any CPU.ActiveCfg = Debug|Any CPU
		{EBD733E4-7A9E-4EEE-AB2C-A3D4795D9518}.Debug|Any CPU.Build.0 = Debug|Any CPU
		{EBD733E4-7A9E-4EEE-AB2C-A3D4795D9518}.Release|Any CPU.ActiveCfg = Release|Any CPU
		{EBD733E4-7A9E-4EEE-AB2C-A3D4795D9518}.Release|Any CPU.Build.0 = Release|Any CPU
		{5679197D-1D89-4593-9DDB-60750B61D8D4}.Debug|Any CPU.ActiveCfg = Debug|Any CPU
		{5679197D-1D89-4593-9DDB-60750B61D8D4}.Debug|Any CPU.Build.0 = Debug|Any CPU
		{5679197D-1D89-4593-9DDB-60750B61D8D4}.Release|Any CPU.ActiveCfg = Release|Any CPU
		{5679197D-1D89-4593-9DDB-60750B61D8D4}.Release|Any CPU.Build.0 = Release|Any CPU
		{0FAE88B2-E12D-4283-87C6-D12C7D260966}.Debug|Any CPU.ActiveCfg = Debug|Any CPU
		{0FAE88B2-E12D-4283-87C6-D12C7D260966}.Debug|Any CPU.Build.0 = Debug|Any CPU
		{0FAE88B2-E12D-4283-87C6-D12C7D260966}.Release|Any CPU.ActiveCfg = Release|Any CPU
		{0FAE88B2-E12D-4283-87C6-D12C7D260966}.Release|Any CPU.Build.0 = Release|Any CPU
		{F68706C2-9D95-446A-9C8F-FC2E1042ABC6}.Debug|Any CPU.ActiveCfg = Debug|Any CPU
		{F68706C2-9D95-446A-9C8F-FC2E1042ABC6}.Debug|Any CPU.Build.0 = Debug|Any CPU
		{F68706C2-9D95-446A-9C8F-FC2E1042ABC6}.Release|Any CPU.ActiveCfg = Release|Any CPU
		{F68706C2-9D95-446A-9C8F-FC2E1042ABC6}.Release|Any CPU.Build.0 = Release|Any CPU
		{9AA712C9-EE45-457B-8CDA-5E6B378B899D}.Debug|Any CPU.ActiveCfg = Debug|Any CPU
		{9AA712C9-EE45-457B-8CDA-5E6B378B899D}.Debug|Any CPU.Build.0 = Debug|Any CPU
		{9AA712C9-EE45-457B-8CDA-5E6B378B899D}.Release|Any CPU.ActiveCfg = Release|Any CPU
		{9AA712C9-EE45-457B-8CDA-5E6B378B899D}.Release|Any CPU.Build.0 = Release|Any CPU
		{5A888F16-2AB0-4971-8B82-A7B2BB2FA6C0}.Debug|Any CPU.ActiveCfg = Debug|Any CPU
		{5A888F16-2AB0-4971-8B82-A7B2BB2FA6C0}.Debug|Any CPU.Build.0 = Debug|Any CPU
		{5A888F16-2AB0-4971-8B82-A7B2BB2FA6C0}.Release|Any CPU.ActiveCfg = Release|Any CPU
		{5A888F16-2AB0-4971-8B82-A7B2BB2FA6C0}.Release|Any CPU.Build.0 = Release|Any CPU
		{8B1FFE2B-B37B-47DC-AD23-BA1C1305AA80}.Debug|Any CPU.ActiveCfg = Debug|Any CPU
		{8B1FFE2B-B37B-47DC-AD23-BA1C1305AA80}.Debug|Any CPU.Build.0 = Debug|Any CPU
		{8B1FFE2B-B37B-47DC-AD23-BA1C1305AA80}.Release|Any CPU.ActiveCfg = Release|Any CPU
		{8B1FFE2B-B37B-47DC-AD23-BA1C1305AA80}.Release|Any CPU.Build.0 = Release|Any CPU
		{686A1EB6-4458-41E6-8C69-5CA189C6D70F}.Debug|Any CPU.ActiveCfg = Debug|Any CPU
		{686A1EB6-4458-41E6-8C69-5CA189C6D70F}.Debug|Any CPU.Build.0 = Debug|Any CPU
		{686A1EB6-4458-41E6-8C69-5CA189C6D70F}.Release|Any CPU.ActiveCfg = Release|Any CPU
		{686A1EB6-4458-41E6-8C69-5CA189C6D70F}.Release|Any CPU.Build.0 = Release|Any CPU
		{6D866465-2668-41EE-A992-93FD99957927}.Debug|Any CPU.ActiveCfg = Debug|Any CPU
		{6D866465-2668-41EE-A992-93FD99957927}.Debug|Any CPU.Build.0 = Debug|Any CPU
		{6D866465-2668-41EE-A992-93FD99957927}.Release|Any CPU.ActiveCfg = Release|Any CPU
		{6D866465-2668-41EE-A992-93FD99957927}.Release|Any CPU.Build.0 = Release|Any CPU
	EndGlobalSection
	GlobalSection(SolutionProperties) = preSolution
		HideSolutionNode = FALSE
	EndGlobalSection
	GlobalSection(NestedProjects) = preSolution
		{EBD733E4-7A9E-4EEE-AB2C-A3D4795D9518} = {4B476AF2-2C93-4EB7-99D0-29F2E5548F6F}
		{3EEF6DFC-0EAE-45D7-B38F-6CE48063D704} = {1C5D9372-138C-48DE-B7C0-97AD5C0DF8B8}
		{272498E4-FD6E-41D1-A599-0DE44F639C2C} = {1C5D9372-138C-48DE-B7C0-97AD5C0DF8B8}
		{DB1DAECF-CE18-4097-8F07-0F1C21175405} = {1C5D9372-138C-48DE-B7C0-97AD5C0DF8B8}
		{5679197D-1D89-4593-9DDB-60750B61D8D4} = {3EEF6DFC-0EAE-45D7-B38F-6CE48063D704}
		{0FAE88B2-E12D-4283-87C6-D12C7D260966} = {272498E4-FD6E-41D1-A599-0DE44F639C2C}
		{F68706C2-9D95-446A-9C8F-FC2E1042ABC6} = {DB1DAECF-CE18-4097-8F07-0F1C21175405}
		{9AA712C9-EE45-457B-8CDA-5E6B378B899D} = {5E86AE94-BABF-4647-962D-E073219E1EBC}
		{8B1FFE2B-B37B-47DC-AD23-BA1C1305AA80} = {5E86AE94-BABF-4647-962D-E073219E1EBC}
		{686A1EB6-4458-41E6-8C69-5CA189C6D70F} = {3EEF6DFC-0EAE-45D7-B38F-6CE48063D704}
		{6D866465-2668-41EE-A992-93FD99957927} = {5E86AE94-BABF-4647-962D-E073219E1EBC}
	EndGlobalSection
	GlobalSection(ExtensibilityGlobals) = postSolution
		SolutionGuid = {60EEE608-E917-495D-B194-38245488B036}
	EndGlobalSection
EndGlobal
